
Microsoft Visual Studio Solution File, Format Version 12.00
# Visual Studio 15
VisualStudioVersion = 15.0.28307.902
MinimumVisualStudioVersion = 10.0.40219.1
Project("{FAE04EC0-301F-11D3-BF4B-00C04F79EFBC}") = "Samola.Utilities", "Samola.Utilities\Samola.Utilities.csproj", "{0F2E8B17-E6E1-49E0-8D28-69B2D5FC296D}"
EndProject
Project("{FAE04EC0-301F-11D3-BF4B-00C04F79EFBC}") = "Samola.Utilities.Tests", "Samola.Utilities.Tests\Samola.Utilities.Tests.csproj", "{BE0DEAF5-1453-419F-BDFE-E5A6A950BA99}"
EndProject
Global
	GlobalSection(SolutionConfigurationPlatforms) = preSolution
		Debug|Any CPU = Debug|Any CPU
		Release|Any CPU = Release|Any CPU
	EndGlobalSection
	GlobalSection(ProjectConfigurationPlatforms) = postSolution
		{0F2E8B17-E6E1-49E0-8D28-69B2D5FC296D}.Debug|Any CPU.ActiveCfg = Debug|Any CPU
		{0F2E8B17-E6E1-49E0-8D28-69B2D5FC296D}.Debug|Any CPU.Build.0 = Debug|Any CPU
		{0F2E8B17-E6E1-49E0-8D28-69B2D5FC296D}.Release|Any CPU.ActiveCfg = Release|Any CPU
		{0F2E8B17-E6E1-49E0-8D28-69B2D5FC296D}.Release|Any CPU.Build.0 = Release|Any CPU
		{BE0DEAF5-1453-419F-BDFE-E5A6A950BA99}.Debug|Any CPU.ActiveCfg = Debug|Any CPU
		{BE0DEAF5-1453-419F-BDFE-E5A6A950BA99}.Debug|Any CPU.Build.0 = Debug|Any CPU
		{BE0DEAF5-1453-419F-BDFE-E5A6A950BA99}.Release|Any CPU.ActiveCfg = Release|Any CPU
		{BE0DEAF5-1453-419F-BDFE-E5A6A950BA99}.Release|Any CPU.Build.0 = Release|Any CPU
	EndGlobalSection
	GlobalSection(SolutionProperties) = preSolution
		HideSolutionNode = FALSE
	EndGlobalSection
	GlobalSection(ExtensibilityGlobals) = postSolution
		SolutionGuid = {BD0850C4-CD0D-449E-BC0E-34202302F407}
	EndGlobalSection
EndGlobal
