
Microsoft Visual Studio Solution File, Format Version 12.00
# Visual Studio 15
VisualStudioVersion = 15.0.28307.168
MinimumVisualStudioVersion = 10.0.40219.1
Project("{9A19103F-16F7-4668-BE54-9A1E7A4F7556}") = "Samola.Numbers", "Samola.Numbers\Samola.Numbers.csproj", "{B5821E87-CD73-42FE-9710-3822DE53A54A}"
EndProject
Project("{9A19103F-16F7-4668-BE54-9A1E7A4F7556}") = "Samola.Numbers.Tests", "Samola.Numbers.Tests\Samola.Numbers.Tests.csproj", "{E5C73349-9832-48AD-9A95-75B9DB83BAE0}"
EndProject
Project("{FAE04EC0-301F-11D3-BF4B-00C04F79EFBC}") = "Samola.Numbers.Console", "Samola.Numbers.Console\Samola.Numbers.Console.csproj", "{DD12758E-EEED-4EE2-A34D-84DC93FFB102}"
EndProject
Global
	GlobalSection(SolutionConfigurationPlatforms) = preSolution
		Debug|Any CPU = Debug|Any CPU
		Release|Any CPU = Release|Any CPU
	EndGlobalSection
	GlobalSection(ProjectConfigurationPlatforms) = postSolution
		{B5821E87-CD73-42FE-9710-3822DE53A54A}.Debug|Any CPU.ActiveCfg = Debug|Any CPU
		{B5821E87-CD73-42FE-9710-3822DE53A54A}.Debug|Any CPU.Build.0 = Debug|Any CPU
		{B5821E87-CD73-42FE-9710-3822DE53A54A}.Release|Any CPU.ActiveCfg = Release|Any CPU
		{B5821E87-CD73-42FE-9710-3822DE53A54A}.Release|Any CPU.Build.0 = Release|Any CPU
		{E5C73349-9832-48AD-9A95-75B9DB83BAE0}.Debug|Any CPU.ActiveCfg = Debug|Any CPU
		{E5C73349-9832-48AD-9A95-75B9DB83BAE0}.Debug|Any CPU.Build.0 = Debug|Any CPU
		{E5C73349-9832-48AD-9A95-75B9DB83BAE0}.Release|Any CPU.ActiveCfg = Release|Any CPU
		{E5C73349-9832-48AD-9A95-75B9DB83BAE0}.Release|Any CPU.Build.0 = Release|Any CPU
		{DD12758E-EEED-4EE2-A34D-84DC93FFB102}.Debug|Any CPU.ActiveCfg = Debug|Any CPU
		{DD12758E-EEED-4EE2-A34D-84DC93FFB102}.Debug|Any CPU.Build.0 = Debug|Any CPU
		{DD12758E-EEED-4EE2-A34D-84DC93FFB102}.Release|Any CPU.ActiveCfg = Release|Any CPU
		{DD12758E-EEED-4EE2-A34D-84DC93FFB102}.Release|Any CPU.Build.0 = Release|Any CPU
	EndGlobalSection
	GlobalSection(SolutionProperties) = preSolution
		HideSolutionNode = FALSE
	EndGlobalSection
	GlobalSection(ExtensibilityGlobals) = postSolution
		SolutionGuid = {37C2553F-CDD5-4DF1-9814-DA6605CDE540}
	EndGlobalSection
EndGlobal
