
Microsoft Visual Studio Solution File, Format Version 12.00
# Visual Studio 15
VisualStudioVersion = 15.0.28307.902
MinimumVisualStudioVersion = 10.0.40219.1
Project("{FAE04EC0-301F-11D3-BF4B-00C04F79EFBC}") = "Samola.Linq.Extensions", "Samola.Linq.Extensions\Samola.Linq.Extensions.csproj", "{A5E35C9D-B871-4E53-BC2A-00929653539B}"
EndProject
Project("{FAE04EC0-301F-11D3-BF4B-00C04F79EFBC}") = "Samola.Linq.Extensions.Tests", "Samola.Linq.Extensions.Tests\Samola.Linq.Extensions.Tests.csproj", "{F8D09932-2E41-46D5-9538-8B69AD70AD8D}"
EndProject
Global
	GlobalSection(SolutionConfigurationPlatforms) = preSolution
		Debug|Any CPU = Debug|Any CPU
		Release|Any CPU = Release|Any CPU
	EndGlobalSection
	GlobalSection(ProjectConfigurationPlatforms) = postSolution
		{A5E35C9D-B871-4E53-BC2A-00929653539B}.Debug|Any CPU.ActiveCfg = Debug|Any CPU
		{A5E35C9D-B871-4E53-BC2A-00929653539B}.Debug|Any CPU.Build.0 = Debug|Any CPU
		{A5E35C9D-B871-4E53-BC2A-00929653539B}.Release|Any CPU.ActiveCfg = Release|Any CPU
		{A5E35C9D-B871-4E53-BC2A-00929653539B}.Release|Any CPU.Build.0 = Release|Any CPU
		{F8D09932-2E41-46D5-9538-8B69AD70AD8D}.Debug|Any CPU.ActiveCfg = Debug|Any CPU
		{F8D09932-2E41-46D5-9538-8B69AD70AD8D}.Debug|Any CPU.Build.0 = Debug|Any CPU
		{F8D09932-2E41-46D5-9538-8B69AD70AD8D}.Release|Any CPU.ActiveCfg = Release|Any CPU
		{F8D09932-2E41-46D5-9538-8B69AD70AD8D}.Release|Any CPU.Build.0 = Release|Any CPU
	EndGlobalSection
	GlobalSection(SolutionProperties) = preSolution
		HideSolutionNode = FALSE
	EndGlobalSection
	GlobalSection(ExtensibilityGlobals) = postSolution
		SolutionGuid = {B1FAEF6D-2908-44A7-9FBC-3562C096E201}
	EndGlobalSection
EndGlobal
